// !$*UTF8*$!
{
	archiveVersion = 1;
	classes = {
	};
	objectVersion = 77;
	objects = {

/* Begin PBXContainerItemProxy section */
		B0FF364F2CFEB47700E15DC2 /* PBXContainerItemProxy */ = {
			isa = PBXContainerItemProxy;
			containerPortal = B0FF36362CFEB47400E15DC2 /* Project object */;
			proxyType = 1;
			remoteGlobalIDString = B0FF363D2CFEB47400E15DC2;
			remoteInfo = "Every Day Go Up";
		};
		B0FF36592CFEB47700E15DC2 /* PBXContainerItemProxy */ = {
			isa = PBXContainerItemProxy;
			containerPortal = B0FF36362CFEB47400E15DC2 /* Project object */;
			proxyType = 1;
			remoteGlobalIDString = B0FF363D2CFEB47400E15DC2;
			remoteInfo = "Every Day Go Up";
		};
/* End PBXContainerItemProxy section */

/* Begin PBXFileReference section */
		B0FF363E2CFEB47400E15DC2 /* Every Day Go Up.app */ = {isa = PBXFileReference; explicitFileType = wrapper.application; includeInIndex = 0; path = "Every Day Go Up.app"; sourceTree = BUILT_PRODUCTS_DIR; };
		B0FF364E2CFEB47700E15DC2 /* Every Day Go UpTests.xctest */ = {isa = PBXFileReference; explicitFileType = wrapper.cfbundle; includeInIndex = 0; path = "Every Day Go UpTests.xctest"; sourceTree = BUILT_PRODUCTS_DIR; };
		B0FF36582CFEB47700E15DC2 /* Every Day Go UpUITests.xctest */ = {isa = PBXFileReference; explicitFileType = wrapper.cfbundle; includeInIndex = 0; path = "Every Day Go UpUITests.xctest"; sourceTree = BUILT_PRODUCTS_DIR; };
/* End PBXFileReference section */

/* Begin PBXFileSystemSynchronizedRootGroup section */
		B0FF36402CFEB47400E15DC2 /* Every Day Go Up */ = {
			isa = PBXFileSystemSynchronizedRootGroup;
			path = "Every Day Go Up";
			sourceTree = "<group>";
		};
		B0FF36512CFEB47700E15DC2 /* Every Day Go UpTests */ = {
			isa = PBXFileSystemSynchronizedRootGroup;
			path = "Every Day Go UpTests";
			sourceTree = "<group>";
		};
		B0FF365B2CFEB47700E15DC2 /* Every Day Go UpUITests */ = {
			isa = PBXFileSystemSynchronizedRootGroup;
			path = "Every Day Go UpUITests";
			sourceTree = "<group>";
		};
/* End PBXFileSystemSynchronizedRootGroup section */

/* Begin PBXFrameworksBuildPhase section */
		B0FF363B2CFEB47400E15DC2 /* Frameworks */ = {
			isa = PBXFrameworksBuildPhase;
			buildActionMask = 2147483647;
			files = (
			);
			runOnlyForDeploymentPostprocessing = 0;
		};
		B0FF364B2CFEB47700E15DC2 /* Frameworks */ = {
			isa = PBXFrameworksBuildPhase;
			buildActionMask = 2147483647;
			files = (
			);
			runOnlyForDeploymentPostprocessing = 0;
		};
		B0FF36552CFEB47700E15DC2 /* Frameworks */ = {
			isa = PBXFrameworksBuildPhase;
			buildActionMask = 2147483647;
			files = (
			);
			runOnlyForDeploymentPostprocessing = 0;
		};
/* End PBXFrameworksBuildPhase section */

/* Begin PBXGroup section */
		B0FF36352CFEB47400E15DC2 = {
			isa = PBXGroup;
			children = (
				B0FF36402CFEB47400E15DC2 /* Every Day Go Up */,
				B0FF36512CFEB47700E15DC2 /* Every Day Go UpTests */,
				B0FF365B2CFEB47700E15DC2 /* Every Day Go UpUITests */,
				B0FF363F2CFEB47400E15DC2 /* Products */,
			);
			sourceTree = "<group>";
		};
		B0FF363F2CFEB47400E15DC2 /* Products */ = {
			isa = PBXGroup;
			children = (
				B0FF363E2CFEB47400E15DC2 /* Every Day Go Up.app */,
				B0FF364E2CFEB47700E15DC2 /* Every Day Go UpTests.xctest */,
				B0FF36582CFEB47700E15DC2 /* Every Day Go UpUITests.xctest */,
			);
			name = Products;
			sourceTree = "<group>";
		};
/* End PBXGroup section */

/* Begin PBXNativeTarget section */
		B0FF363D2CFEB47400E15DC2 /* Every Day Go Up */ = {
			isa = PBXNativeTarget;
			buildConfigurationList = B0FF36622CFEB47700E15DC2 /* Build configuration list for PBXNativeTarget "Every Day Go Up" */;
			buildPhases = (
				B0FF363A2CFEB47400E15DC2 /* Sources */,
				B0FF363B2CFEB47400E15DC2 /* Frameworks */,
				B0FF363C2CFEB47400E15DC2 /* Resources */,
			);
			buildRules = (
			);
			dependencies = (
			);
			fileSystemSynchronizedGroups = (
				B0FF36402CFEB47400E15DC2 /* Every Day Go Up */,
			);
			name = "Every Day Go Up";
			packageProductDependencies = (
			);
			productName = "Every Day Go Up";
			productReference = B0FF363E2CFEB47400E15DC2 /* Every Day Go Up.app */;
			productType = "com.apple.product-type.application";
		};
		B0FF364D2CFEB47700E15DC2 /* Every Day Go UpTests */ = {
			isa = PBXNativeTarget;
			buildConfigurationList = B0FF36652CFEB47700E15DC2 /* Build configuration list for PBXNativeTarget "Every Day Go UpTests" */;
			buildPhases = (
				B0FF364A2CFEB47700E15DC2 /* Sources */,
				B0FF364B2CFEB47700E15DC2 /* Frameworks */,
				B0FF364C2CFEB47700E15DC2 /* Resources */,
			);
			buildRules = (
			);
			dependencies = (
				B0FF36502CFEB47700E15DC2 /* PBXTargetDependency */,
			);
			fileSystemSynchronizedGroups = (
				B0FF36512CFEB47700E15DC2 /* Every Day Go UpTests */,
			);
			name = "Every Day Go UpTests";
			packageProductDependencies = (
			);
			productName = "Every Day Go UpTests";
			productReference = B0FF364E2CFEB47700E15DC2 /* Every Day Go UpTests.xctest */;
			productType = "com.apple.product-type.bundle.unit-test";
		};
		B0FF36572CFEB47700E15DC2 /* Every Day Go UpUITests */ = {
			isa = PBXNativeTarget;
			buildConfigurationList = B0FF36682CFEB47700E15DC2 /* Build configuration list for PBXNativeTarget "Every Day Go UpUITests" */;
			buildPhases = (
				B0FF36542CFEB47700E15DC2 /* Sources */,
				B0FF36552CFEB47700E15DC2 /* Frameworks */,
				B0FF36562CFEB47700E15DC2 /* Resources */,
			);
			buildRules = (
			);
			dependencies = (
				B0FF365A2CFEB47700E15DC2 /* PBXTargetDependency */,
			);
			fileSystemSynchronizedGroups = (
				B0FF365B2CFEB47700E15DC2 /* Every Day Go UpUITests */,
			);
			name = "Every Day Go UpUITests";
			packageProductDependencies = (
			);
			productName = "Every Day Go UpUITests";
			productReference = B0FF36582CFEB47700E15DC2 /* Every Day Go UpUITests.xctest */;
			productType = "com.apple.product-type.bundle.ui-testing";
		};
/* End PBXNativeTarget section */

/* Begin PBXProject section */
		B0FF36362CFEB47400E15DC2 /* Project object */ = {
			isa = PBXProject;
			attributes = {
				BuildIndependentTargetsInParallel = 1;
				LastSwiftUpdateCheck = 1610;
				LastUpgradeCheck = 1610;
				TargetAttributes = {
					B0FF363D2CFEB47400E15DC2 = {
						CreatedOnToolsVersion = 16.1;
					};
					B0FF364D2CFEB47700E15DC2 = {
						CreatedOnToolsVersion = 16.1;
						TestTargetID = B0FF363D2CFEB47400E15DC2;
					};
					B0FF36572CFEB47700E15DC2 = {
						CreatedOnToolsVersion = 16.1;
						TestTargetID = B0FF363D2CFEB47400E15DC2;
					};
				};
			};
			buildConfigurationList = B0FF36392CFEB47400E15DC2 /* Build configuration list for PBXProject "Every Day Go Up" */;
			developmentRegion = en;
			hasScannedForEncodings = 0;
			knownRegions = (
				en,
				Base,
			);
			mainGroup = B0FF36352CFEB47400E15DC2;
			minimizedProjectReferenceProxies = 1;
			preferredProjectObjectVersion = 77;
			productRefGroup = B0FF363F2CFEB47400E15DC2 /* Products */;
			projectDirPath = "";
			projectRoot = "";
			targets = (
				B0FF363D2CFEB47400E15DC2 /* Every Day Go Up */,
				B0FF364D2CFEB47700E15DC2 /* Every Day Go UpTests */,
				B0FF36572CFEB47700E15DC2 /* Every Day Go UpUITests */,
			);
		};
/* End PBXProject section */

/* Begin PBXResourcesBuildPhase section */
		B0FF363C2CFEB47400E15DC2 /* Resources */ = {
			isa = PBXResourcesBuildPhase;
			buildActionMask = 2147483647;
			files = (
			);
			runOnlyForDeploymentPostprocessing = 0;
		};
		B0FF364C2CFEB47700E15DC2 /* Resources */ = {
			isa = PBXResourcesBuildPhase;
			buildActionMask = 2147483647;
			files = (
			);
			runOnlyForDeploymentPostprocessing = 0;
		};
		B0FF36562CFEB47700E15DC2 /* Resources */ = {
			isa = PBXResourcesBuildPhase;
			buildActionMask = 2147483647;
			files = (
			);
			runOnlyForDeploymentPostprocessing = 0;
		};
/* End PBXResourcesBuildPhase section */

/* Begin PBXSourcesBuildPhase section */
		B0FF363A2CFEB47400E15DC2 /* Sources */ = {
			isa = PBXSourcesBuildPhase;
			buildActionMask = 2147483647;
			files = (
			);
			runOnlyForDeploymentPostprocessing = 0;
		};
		B0FF364A2CFEB47700E15DC2 /* Sources */ = {
			isa = PBXSourcesBuildPhase;
			buildActionMask = 2147483647;
			files = (
			);
			runOnlyForDeploymentPostprocessing = 0;
		};
		B0FF36542CFEB47700E15DC2 /* Sources */ = {
			isa = PBXSourcesBuildPhase;
			buildActionMask = 2147483647;
			files = (
			);
			runOnlyForDeploymentPostprocessing = 0;
		};
/* End PBXSourcesBuildPhase section */

/* Begin PBXTargetDependency section */
		B0FF36502CFEB47700E15DC2 /* PBXTargetDependency */ = {
			isa = PBXTargetDependency;
			target = B0FF363D2CFEB47400E15DC2 /* Every Day Go Up */;
			targetProxy = B0FF364F2CFEB47700E15DC2 /* PBXContainerItemProxy */;
		};
		B0FF365A2CFEB47700E15DC2 /* PBXTargetDependency */ = {
			isa = PBXTargetDependency;
			target = B0FF363D2CFEB47400E15DC2 /* Every Day Go Up */;
			targetProxy = B0FF36592CFEB47700E15DC2 /* PBXContainerItemProxy */;
		};
/* End PBXTargetDependency section */

/* Begin XCBuildConfiguration section */
		B0FF36602CFEB47700E15DC2 /* Debug */ = {
			isa = XCBuildConfiguration;
			buildSettings = {
				ALWAYS_SEARCH_USER_PATHS = NO;
				ASSETCATALOG_COMPILER_GENERATE_SWIFT_ASSET_SYMBOL_EXTENSIONS = YES;
				CLANG_ANALYZER_NONNULL = YES;
				CLANG_ANALYZER_NUMBER_OBJECT_CONVERSION = YES_AGGRESSIVE;
				CLANG_CXX_LANGUAGE_STANDARD = "gnu++20";
				CLANG_ENABLE_MODULES = YES;
				CLANG_ENABLE_OBJC_ARC = YES;
				CLANG_ENABLE_OBJC_WEAK = YES;
				CLANG_WARN_BLOCK_CAPTURE_AUTORELEASING = YES;
				CLANG_WARN_BOOL_CONVERSION = YES;
				CLANG_WARN_COMMA = YES;
				CLANG_WARN_CONSTANT_CONVERSION = YES;
				CLANG_WARN_DEPRECATED_OBJC_IMPLEMENTATIONS = YES;
				CLANG_WARN_DIRECT_OBJC_ISA_USAGE = YES_ERROR;
				CLANG_WARN_DOCUMENTATION_COMMENTS = YES;
				CLANG_WARN_EMPTY_BODY = YES;
				CLANG_WARN_ENUM_CONVERSION = YES;
				CLANG_WARN_INFINITE_RECURSION = YES;
				CLANG_WARN_INT_CONVERSION = YES;
				CLANG_WARN_NON_LITERAL_NULL_CONVERSION = YES;
				CLANG_WARN_OBJC_IMPLICIT_RETAIN_SELF = YES;
				CLANG_WARN_OBJC_LITERAL_CONVERSION = YES;
				CLANG_WARN_OBJC_ROOT_CLASS = YES_ERROR;
				CLANG_WARN_QUOTED_INCLUDE_IN_FRAMEWORK_HEADER = YES;
				CLANG_WARN_RANGE_LOOP_ANALYSIS = YES;
				CLANG_WARN_STRICT_PROTOTYPES = YES;
				CLANG_WARN_SUSPICIOUS_MOVE = YES;
				CLANG_WARN_UNGUARDED_AVAILABILITY = YES_AGGRESSIVE;
				CLANG_WARN_UNREACHABLE_CODE = YES;
				CLANG_WARN__DUPLICATE_METHOD_MATCH = YES;
				COPY_PHASE_STRIP = NO;
				DEBUG_INFORMATION_FORMAT = dwarf;
				ENABLE_STRICT_OBJC_MSGSEND = YES;
				ENABLE_TESTABILITY = YES;
				ENABLE_USER_SCRIPT_SANDBOXING = YES;
				GCC_C_LANGUAGE_STANDARD = gnu17;
				GCC_DYNAMIC_NO_PIC = NO;
				GCC_NO_COMMON_BLOCKS = YES;
				GCC_OPTIMIZATION_LEVEL = 0;
				GCC_PREPROCESSOR_DEFINITIONS = (
					"DEBUG=1",
					"$(inherited)",
				);
				GCC_WARN_64_TO_32_BIT_CONVERSION = YES;
				GCC_WARN_ABOUT_RETURN_TYPE = YES_ERROR;
				GCC_WARN_UNDECLARED_SELECTOR = YES;
				GCC_WARN_UNINITIALIZED_AUTOS = YES_AGGRESSIVE;
				GCC_WARN_UNUSED_FUNCTION = YES;
				GCC_WARN_UNUSED_VARIABLE = YES;
				IPHONEOS_DEPLOYMENT_TARGET = 18.1;
				LOCALIZATION_PREFERS_STRING_CATALOGS = YES;
				MTL_ENABLE_DEBUG_INFO = INCLUDE_SOURCE;
				MTL_FAST_MATH = YES;
				ONLY_ACTIVE_ARCH = YES;
				SDKROOT = iphoneos;
				SWIFT_ACTIVE_COMPILATION_CONDITIONS = "DEBUG $(inherited)";
				SWIFT_OPTIMIZATION_LEVEL = "-Onone";
			};
			name = Debug;
		};
		B0FF36612CFEB47700E15DC2 /* Release */ = {
			isa = XCBuildConfiguration;
			buildSettings = {
				ALWAYS_SEARCH_USER_PATHS = NO;
				ASSETCATALOG_COMPILER_GENERATE_SWIFT_ASSET_SYMBOL_EXTENSIONS = YES;
				CLANG_ANALYZER_NONNULL = YES;
				CLANG_ANALYZER_NUMBER_OBJECT_CONVERSION = YES_AGGRESSIVE;
				CLANG_CXX_LANGUAGE_STANDARD = "gnu++20";
				CLANG_ENABLE_MODULES = YES;
				CLANG_ENABLE_OBJC_ARC = YES;
				CLANG_ENABLE_OBJC_WEAK = YES;
				CLANG_WARN_BLOCK_CAPTURE_AUTORELEASING = YES;
				CLANG_WARN_BOOL_CONVERSION = YES;
				CLANG_WARN_COMMA = YES;
				CLANG_WARN_CONSTANT_CONVERSION = YES;
				CLANG_WARN_DEPRECATED_OBJC_IMPLEMENTATIONS = YES;
				CLANG_WARN_DIRECT_OBJC_ISA_USAGE = YES_ERROR;
				CLANG_WARN_DOCUMENTATION_COMMENTS = YES;
				CLANG_WARN_EMPTY_BODY = YES;
				CLANG_WARN_ENUM_CONVERSION = YES;
				CLANG_WARN_INFINITE_RECURSION = YES;
				CLANG_WARN_INT_CONVERSION = YES;
				CLANG_WARN_NON_LITERAL_NULL_CONVERSION = YES;
				CLANG_WARN_OBJC_IMPLICIT_RETAIN_SELF = YES;
				CLANG_WARN_OBJC_LITERAL_CONVERSION = YES;
				CLANG_WARN_OBJC_ROOT_CLASS = YES_ERROR;
				CLANG_WARN_QUOTED_INCLUDE_IN_FRAMEWORK_HEADER = YES;
				CLANG_WARN_RANGE_LOOP_ANALYSIS = YES;
				CLANG_WARN_STRICT_PROTOTYPES = YES;
				CLANG_WARN_SUSPICIOUS_MOVE = YES;
				CLANG_WARN_UNGUARDED_AVAILABILITY = YES_AGGRESSIVE;
				CLANG_WARN_UNREACHABLE_CODE = YES;
				CLANG_WARN__DUPLICATE_METHOD_MATCH = YES;
				COPY_PHASE_STRIP = NO;
				DEBUG_INFORMATION_FORMAT = "dwarf-with-dsym";
				ENABLE_NS_ASSERTIONS = NO;
				ENABLE_STRICT_OBJC_MSGSEND = YES;
				ENABLE_USER_SCRIPT_SANDBOXING = YES;
				GCC_C_LANGUAGE_STANDARD = gnu17;
				GCC_NO_COMMON_BLOCKS = YES;
				GCC_WARN_64_TO_32_BIT_CONVERSION = YES;
				GCC_WARN_ABOUT_RETURN_TYPE = YES_ERROR;
				GCC_WARN_UNDECLARED_SELECTOR = YES;
				GCC_WARN_UNINITIALIZED_AUTOS = YES_AGGRESSIVE;
				GCC_WARN_UNUSED_FUNCTION = YES;
				GCC_WARN_UNUSED_VARIABLE = YES;
				IPHONEOS_DEPLOYMENT_TARGET = 18.1;
				LOCALIZATION_PREFERS_STRING_CATALOGS = YES;
				MTL_ENABLE_DEBUG_INFO = NO;
				MTL_FAST_MATH = YES;
				SDKROOT = iphoneos;
				SWIFT_COMPILATION_MODE = wholemodule;
				VALIDATE_PRODUCT = YES;
			};
			name = Release;
		};
		B0FF36632CFEB47700E15DC2 /* Debug */ = {
			isa = XCBuildConfiguration;
			buildSettings = {
				ASSETCATALOG_COMPILER_APPICON_NAME = AppIcon;
				ASSETCATALOG_COMPILER_GLOBAL_ACCENT_COLOR_NAME = AccentColor;
				CODE_SIGN_STYLE = Automatic;
				CURRENT_PROJECT_VERSION = 1;
				DEVELOPMENT_ASSET_PATHS = "\"Every Day Go Up/Preview Content\"";
				DEVELOPMENT_TEAM = 4XMP78YL9D;
				ENABLE_PREVIEWS = YES;
				GENERATE_INFOPLIST_FILE = YES;
				INFOPLIST_KEY_UIApplicationSceneManifest_Generation = YES;
				INFOPLIST_KEY_UIApplicationSupportsIndirectInputEvents = YES;
				INFOPLIST_KEY_UILaunchScreen_Generation = YES;
				INFOPLIST_KEY_UISupportedInterfaceOrientations_iPad = "UIInterfaceOrientationPortrait UIInterfaceOrientationPortraitUpsideDown UIInterfaceOrientationLandscapeLeft UIInterfaceOrientationLandscapeRight";
				INFOPLIST_KEY_UISupportedInterfaceOrientations_iPhone = "UIInterfaceOrientationPortrait UIInterfaceOrientationLandscapeLeft UIInterfaceOrientationLandscapeRight";
				LD_RUNPATH_SEARCH_PATHS = (
					"$(inherited)",
					"@executable_path/Frameworks",
				);
				MARKETING_VERSION = 1.0;
				PRODUCT_BUNDLE_IDENTIFIER = "com.comeomrice.Every-Day-Go-Up";
				PRODUCT_NAME = "$(TARGET_NAME)";
				SWIFT_EMIT_LOC_STRINGS = YES;
				SWIFT_VERSION = 5.0;
				TARGETED_DEVICE_FAMILY = "1,2";
			};
			name = Debug;
		};
		B0FF36642CFEB47700E15DC2 /* Release */ = {
			isa = XCBuildConfiguration;
			buildSettings = {
				ASSETCATALOG_COMPILER_APPICON_NAME = AppIcon;
				ASSETCATALOG_COMPILER_GLOBAL_ACCENT_COLOR_NAME = AccentColor;
				CODE_SIGN_STYLE = Automatic;
				CURRENT_PROJECT_VERSION = 1;
				DEVELOPMENT_ASSET_PATHS = "\"Every Day Go Up/Preview Content\"";
				DEVELOPMENT_TEAM = 4XMP78YL9D;
				ENABLE_PREVIEWS = YES;
				GENERATE_INFOPLIST_FILE = YES;
				INFOPLIST_KEY_UIApplicationSceneManifest_Generation = YES;
				INFOPLIST_KEY_UIApplicationSupportsIndirectInputEvents = YES;
				INFOPLIST_KEY_UILaunchScreen_Generation = YES;
				INFOPLIST_KEY_UISupportedInterfaceOrientations_iPad = "UIInterfaceOrientationPortrait UIInterfaceOrientationPortraitUpsideDown UIInterfaceOrientationLandscapeLeft UIInterfaceOrientationLandscapeRight";
				INFOPLIST_KEY_UISupportedInterfaceOrientations_iPhone = "UIInterfaceOrientationPortrait UIInterfaceOrientationLandscapeLeft UIInterfaceOrientationLandscapeRight";
				LD_RUNPATH_SEARCH_PATHS = (
					"$(inherited)",
					"@executable_path/Frameworks",
				);
				MARKETING_VERSION = 1.0;
				PRODUCT_BUNDLE_IDENTIFIER = "com.comeomrice.Every-Day-Go-Up";
				PRODUCT_NAME = "$(TARGET_NAME)";
				SWIFT_EMIT_LOC_STRINGS = YES;
				SWIFT_VERSION = 5.0;
				TARGETED_DEVICE_FAMILY = "1,2";
			};
			name = Release;
		};
		B0FF36662CFEB47700E15DC2 /* Debug */ = {
			isa = XCBuildConfiguration;
			buildSettings = {
				BUNDLE_LOADER = "$(TEST_HOST)";
				CODE_SIGN_STYLE = Automatic;
				CURRENT_PROJECT_VERSION = 1;
				GENERATE_INFOPLIST_FILE = YES;
				IPHONEOS_DEPLOYMENT_TARGET = 18.1;
				MARKETING_VERSION = 1.0;
				PRODUCT_BUNDLE_IDENTIFIER = "com.comeomrice.Every-Day-Go-UpTests";
				PRODUCT_NAME = "$(TARGET_NAME)";
				SWIFT_EMIT_LOC_STRINGS = NO;
				SWIFT_VERSION = 5.0;
				TARGETED_DEVICE_FAMILY = "1,2";
				TEST_HOST = "$(BUILT_PRODUCTS_DIR)/Every Day Go Up.app/$(BUNDLE_EXECUTABLE_FOLDER_PATH)/Every Day Go Up";
			};
			name = Debug;
		};
		B0FF36672CFEB47700E15DC2 /* Release */ = {
			isa = XCBuildConfiguration;
			buildSettings = {
				BUNDLE_LOADER = "$(TEST_HOST)";
				CODE_SIGN_STYLE = Automatic;
				CURRENT_PROJECT_VERSION = 1;
				GENERATE_INFOPLIST_FILE = YES;
				IPHONEOS_DEPLOYMENT_TARGET = 18.1;
				MARKETING_VERSION = 1.0;
				PRODUCT_BUNDLE_IDENTIFIER = "com.comeomrice.Every-Day-Go-UpTests";
				PRODUCT_NAME = "$(TARGET_NAME)";
				SWIFT_EMIT_LOC_STRINGS = NO;
				SWIFT_VERSION = 5.0;
				TARGETED_DEVICE_FAMILY = "1,2";
				TEST_HOST = "$(BUILT_PRODUCTS_DIR)/Every Day Go Up.app/$(BUNDLE_EXECUTABLE_FOLDER_PATH)/Every Day Go Up";
			};
			name = Release;
		};
		B0FF36692CFEB47700E15DC2 /* Debug */ = {
			isa = XCBuildConfiguration;
			buildSettings = {
				CODE_SIGN_STYLE = Automatic;
				CURRENT_PROJECT_VERSION = 1;
				GENERATE_INFOPLIST_FILE = YES;
				MARKETING_VERSION = 1.0;
				PRODUCT_BUNDLE_IDENTIFIER = "com.comeomrice.Every-Day-Go-UpUITests";
				PRODUCT_NAME = "$(TARGET_NAME)";
				SWIFT_EMIT_LOC_STRINGS = NO;
				SWIFT_VERSION = 5.0;
				TARGETED_DEVICE_FAMILY = "1,2";
				TEST_TARGET_NAME = "Every Day Go Up";
			};
			name = Debug;
		};
		B0FF366A2CFEB47700E15DC2 /* Release */ = {
			isa = XCBuildConfiguration;
			buildSettings = {
				CODE_SIGN_STYLE = Automatic;
				CURRENT_PROJECT_VERSION = 1;
				GENERATE_INFOPLIST_FILE = YES;
				MARKETING_VERSION = 1.0;
				PRODUCT_BUNDLE_IDENTIFIER = "com.comeomrice.Every-Day-Go-UpUITests";
				PRODUCT_NAME = "$(TARGET_NAME)";
				SWIFT_EMIT_LOC_STRINGS = NO;
				SWIFT_VERSION = 5.0;
				TARGETED_DEVICE_FAMILY = "1,2";
				TEST_TARGET_NAME = "Every Day Go Up";
			};
			name = Release;
		};
/* End XCBuildConfiguration section */

/* Begin XCConfigurationList section */
		B0FF36392CFEB47400E15DC2 /* Build configuration list for PBXProject "Every Day Go Up" */ = {
			isa = XCConfigurationList;
			buildConfigurations = (
				B0FF36602CFEB47700E15DC2 /* Debug */,
				B0FF36612CFEB47700E15DC2 /* Release */,
			);
			defaultConfigurationIsVisible = 0;
			defaultConfigurationName = Release;
		};
		B0FF36622CFEB47700E15DC2 /* Build configuration list for PBXNativeTarget "Every Day Go Up" */ = {
			isa = XCConfigurationList;
			buildConfigurations = (
				B0FF36632CFEB47700E15DC2 /* Debug */,
				B0FF36642CFEB47700E15DC2 /* Release */,
			);
			defaultConfigurationIsVisible = 0;
			defaultConfigurationName = Release;
		};
		B0FF36652CFEB47700E15DC2 /* Build configuration list for PBXNativeTarget "Every Day Go UpTests" */ = {
			isa = XCConfigurationList;
			buildConfigurations = (
				B0FF36662CFEB47700E15DC2 /* Debug */,
				B0FF36672CFEB47700E15DC2 /* Release */,
			);
			defaultConfigurationIsVisible = 0;
			defaultConfigurationName = Release;
		};
		B0FF36682CFEB47700E15DC2 /* Build configuration list for PBXNativeTarget "Every Day Go UpUITests" */ = {
			isa = XCConfigurationList;
			buildConfigurations = (
				B0FF36692CFEB47700E15DC2 /* Debug */,
				B0FF366A2CFEB47700E15DC2 /* Release */,
			);
			defaultConfigurationIsVisible = 0;
			defaultConfigurationName = Release;
		};
/* End XCConfigurationList section */
	};
	rootObject = B0FF36362CFEB47400E15DC2 /* Project object */;
}
